// !$*UTF8*$!
{
	archiveVersion = 1;
	classes = {
	};
	objectVersion = 77;
	objects = {

/* Begin PBXContainerItemProxy section */
		A7C1000000000000000000C1 /* PBXContainerItemProxy */ = {
			isa = PBXContainerItemProxy;
			containerPortal = A7C1000000000000000000AA /* Project object */;
			proxyType = 1;
			remoteGlobalIDString = A7C1000000000000000000A6;
			remoteInfo = AssignmentTracker;
		};
/* End PBXContainerItemProxy section */

/* Begin PBXFileReference section */
		A7C1000000000000000000A1 /* AssignmentTracker.app */ = {isa = PBXFileReference; explicitFileType = wrapper.application; includeInIndex = 0; path = AssignmentTracker.app; sourceTree = BUILT_PRODUCTS_DIR; };
		A7C1000000000000000000B1 /* AssignmentTrackerTests.xctest */ = {isa = PBXFileReference; explicitFileType = wrapper.cfbundle; includeInIndex = 0; path = AssignmentTrackerTests.xctest; sourceTree = BUILT_PRODUCTS_DIR; };
/* End PBXFileReference section */

/* Begin PBXFileSystemSynchronizedRootGroup section */
		A7C1000000000000000000A2 /* AssignmentTracker */ = {
			isa = PBXFileSystemSynchronizedRootGroup;
			path = AssignmentTracker;
			sourceTree = "<group>";
		};
		A7C1000000000000000000B2 /* AssignmentTrackerTests */ = {
			isa = PBXFileSystemSynchronizedRootGroup;
			path = AssignmentTrackerTests;
			sourceTree = "<group>";
		};
/* End PBXFileSystemSynchronizedRootGroup section */

/* Begin PBXFrameworksBuildPhase section */
		A7C1000000000000000000A3 /* Frameworks */ = {
			isa = PBXFrameworksBuildPhase;
			buildActionMask = 2147483647;
			files = (
			);
			runOnlyForDeploymentPostprocessing = 0;
		};
		A7C1000000000000000000B3 /* Frameworks */ = {
			isa = PBXFrameworksBuildPhase;
			buildActionMask = 2147483647;
			files = (
			);
			runOnlyForDeploymentPostprocessing = 0;
		};
/* End PBXFrameworksBuildPhase section */

/* Begin PBXGroup section */
		A7C1000000000000000000A4 = {
			isa = PBXGroup;
			children = (
				A7C1000000000000000000A2 /* AssignmentTracker */,
				A7C1000000000000000000B2 /* AssignmentTrackerTests */,
				A7C1000000000000000000A5 /* Products */,
			);
			sourceTree = "<group>";
		};
		A7C1000000000000000000A5 /* Products */ = {
			isa = PBXGroup;
			children = (
				A7C1000000000000000000A1 /* AssignmentTracker.app */,
				A7C1000000000000000000B1 /* AssignmentTrackerTests.xctest */,
			);
			name = Products;
			sourceTree = "<group>";
		};
/* End PBXGroup section */

/* Begin PBXNativeTarget section */
		A7C1000000000000000000A6 /* AssignmentTracker */ = {
			isa = PBXNativeTarget;
			buildConfigurationList = A7C1000000000000000000A7 /* Build configuration list for PBXNativeTarget "AssignmentTracker" */;
			buildPhases = (
				A7C1000000000000000000A8 /* Sources */,
				A7C1000000000000000000A3 /* Frameworks */,
				A7C1000000000000000000A9 /* Resources */,
			);
			buildRules = (
			);
			dependencies = (
			);
			fileSystemSynchronizedGroups = (
				A7C1000000000000000000A2 /* AssignmentTracker */,
			);
			name = AssignmentTracker;
			packageProductDependencies = (
			);
			productName = AssignmentTracker;
			productReference = A7C1000000000000000000A1 /* AssignmentTracker.app */;
			productType = "com.apple.product-type.application";
		};
		A7C1000000000000000000B6 /* AssignmentTrackerTests */ = {
			isa = PBXNativeTarget;
			buildConfigurationList = A7C1000000000000000000B7 /* Build configuration list for PBXNativeTarget "AssignmentTrackerTests" */;
			buildPhases = (
				A7C1000000000000000000B4 /* Sources */,
				A7C1000000000000000000B3 /* Frameworks */,
				A7C1000000000000000000B5 /* Resources */,
			);
			buildRules = (
			);
			dependencies = (
				A7C1000000000000000000C2 /* PBXTargetDependency */,
			);
			fileSystemSynchronizedGroups = (
				A7C1000000000000000000B2 /* AssignmentTrackerTests */,
			);
			name = AssignmentTrackerTests;
			packageProductDependencies = (
			);
			productName = AssignmentTrackerTests;
			productReference = A7C1000000000000000000B1 /* AssignmentTrackerTests.xctest */;
			productType = "com.apple.product-type.bundle.unit-test";
		};
/* End PBXNativeTarget section */

/* Begin PBXProject section */
		A7C1000000000000000000AA /* Project object */ = {
			isa = PBXProject;
			attributes = {
				BuildIndependentTargetsInParallel = 1;
				LastSwiftUpdateCheck = 2700;
				LastUpgradeCheck = 2700;
				TargetAttributes = {
					A7C1000000000000000000A6 = {
						CreatedOnToolsVersion = 27.0;
					};
					A7C1000000000000000000B6 = {
						CreatedOnToolsVersion = 27.0;
						TestTargetID = A7C1000000000000000000A6;
					};
				};
			};
			buildConfigurationList = A7C1000000000000000000AB /* Build configuration list for PBXProject "AssignmentTracker" */;
			developmentRegion = en;
			hasScannedForEncodings = 0;
			knownRegions = (
				en,
				Base,
			);
			mainGroup = A7C1000000000000000000A4;
			minimizedProjectReferenceProxies = 1;
			preferredProjectObjectVersion = 77;
			productRefGroup = A7C1000000000000000000A5 /* Products */;
			projectDirPath = "";
			projectRoot = "";
			targets = (
				A7C1000000000000000000A6 /* AssignmentTracker */,
				A7C1000000000000000000B6 /* AssignmentTrackerTests */,
			);
		};
/* End PBXProject section */

/* Begin PBXResourcesBuildPhase section */
		A7C1000000000000000000A9 /* Resources */ = {
			isa = PBXResourcesBuildPhase;
			buildActionMask = 2147483647;
			files = (
			);
			runOnlyForDeploymentPostprocessing = 0;
		};
		A7C1000000000000000000B5 /* Resources */ = {
			isa = PBXResourcesBuildPhase;
			buildActionMask = 2147483647;
			files = (
			);
			runOnlyForDeploymentPostprocessing = 0;
		};
/* End PBXResourcesBuildPhase section */

/* Begin PBXSourcesBuildPhase section */
		A7C1000000000000000000A8 /* Sources */ = {
			isa = PBXSourcesBuildPhase;
			buildActionMask = 2147483647;
			files = (
			);
			runOnlyForDeploymentPostprocessing = 0;
		};
		A7C1000000000000000000B4 /* Sources */ = {
			isa = PBXSourcesBuildPhase;
			buildActionMask = 2147483647;
			files = (
			);
			runOnlyForDeploymentPostprocessing = 0;
		};
/* End PBXSourcesBuildPhase section */

/* Begin PBXTargetDependency section */
		A7C1000000000000000000C2 /* PBXTargetDependency */ = {
			isa = PBXTargetDependency;
			target = A7C1000000000000000000A6 /* AssignmentTracker */;
			targetProxy = A7C1000000000000000000C1 /* PBXContainerItemProxy */;
		};
/* End PBXTargetDependency section */

/* Begin XCBuildConfiguration section */
		A7C1000000000000000000AC /* Debug */ = {
			isa = XCBuildConfiguration;
			buildSettings = {
				ALWAYS_SEARCH_USER_PATHS = NO;
				ASSETCATALOG_COMPILER_GENERATE_SWIFT_ASSET_SYMBOL_EXTENSIONS = YES;
				CLANG_ENABLE_MODULES = YES;
				CLANG_ENABLE_OBJC_ARC = YES;
				COPY_PHASE_STRIP = NO;
				DEBUG_INFORMATION_FORMAT = dwarf;
				ENABLE_STRICT_OBJC_MSGSEND = YES;
				ENABLE_TESTABILITY = YES;
				ENABLE_USER_SCRIPT_SANDBOXING = YES;
				GCC_OPTIMIZATION_LEVEL = 0;
				GCC_PREPROCESSOR_DEFINITIONS = (
					"DEBUG=1",
					"$(inherited)",
				);
				IPHONEOS_DEPLOYMENT_TARGET = 26.0;
				LOCALIZATION_PREFERS_STRING_CATALOGS = YES;
				MTL_ENABLE_DEBUG_INFO = INCLUDE_SOURCE;
				ONLY_ACTIVE_ARCH = YES;
				SDKROOT = iphoneos;
				SWIFT_ACTIVE_COMPILATION_CONDITIONS = "DEBUG $(inherited)";
				SWIFT_OPTIMIZATION_LEVEL = "-Onone";
			};
			name = Debug;
		};
		A7C1000000000000000000AD /* Release */ = {
			isa = XCBuildConfiguration;
			buildSettings = {
				ALWAYS_SEARCH_USER_PATHS = NO;
				ASSETCATALOG_COMPILER_GENERATE_SWIFT_ASSET_SYMBOL_EXTENSIONS = YES;
				CLANG_ENABLE_MODULES = YES;
				CLANG_ENABLE_OBJC_ARC = YES;
				COPY_PHASE_STRIP = NO;
				DEBUG_INFORMATION_FORMAT = "dwarf-with-dsym";
				ENABLE_NS_ASSERTIONS = NO;
				ENABLE_STRICT_OBJC_MSGSEND = YES;
				ENABLE_USER_SCRIPT_SANDBOXING = YES;
				IPHONEOS_DEPLOYMENT_TARGET = 26.0;
				LOCALIZATION_PREFERS_STRING_CATALOGS = YES;
				MTL_ENABLE_DEBUG_INFO = NO;
				SDKROOT = iphoneos;
				SWIFT_COMPILATION_MODE = wholemodule;
				VALIDATE_PRODUCT = YES;
			};
			name = Release;
		};
		A7C1000000000000000000AE /* Debug */ = {
			isa = XCBuildConfiguration;
			buildSettings = {
				ASSETCATALOG_COMPILER_APPICON_NAME = AppIcon;
				ASSETCATALOG_COMPILER_GLOBAL_ACCENT_COLOR_NAME = AccentColor;
				CODE_SIGN_STYLE = Automatic;
				CURRENT_PROJECT_VERSION = 1;
				DEVELOPMENT_TEAM = Q8S5FZ6655;
				ENABLE_PREVIEWS = YES;
				GENERATE_INFOPLIST_FILE = YES;
				INFOPLIST_KEY_CFBundleDisplayName = Assignments;
				INFOPLIST_KEY_NSCameraUsageDescription = "Scan a paper syllabus to find its assignments.";
				INFOPLIST_KEY_UIApplicationSceneManifest_Generation = YES;
				INFOPLIST_KEY_UIApplicationSupportsIndirectInputEvents = YES;
				INFOPLIST_KEY_UILaunchScreen_Generation = YES;
				INFOPLIST_KEY_UISupportedInterfaceOrientations_iPhone = UIInterfaceOrientationPortrait;
				LD_RUNPATH_SEARCH_PATHS = (
					"$(inherited)",
					"@executable_path/Frameworks",
				);
				MARKETING_VERSION = 1.0;
				PRODUCT_BUNDLE_IDENTIFIER = com.nat.AssignmentTracker;
				PRODUCT_NAME = "$(TARGET_NAME)";
				SWIFT_APPROACHABLE_CONCURRENCY = YES;
				SWIFT_DEFAULT_ACTOR_ISOLATION = MainActor;
				SWIFT_EMIT_LOC_STRINGS = YES;
				SWIFT_VERSION = 6.0;
				TARGETED_DEVICE_FAMILY = 1;
			};
			name = Debug;
		};
		A7C1000000000000000000AF /* Release */ = {
			isa = XCBuildConfiguration;
			buildSettings = {
				ASSETCATALOG_COMPILER_APPICON_NAME = AppIcon;
				ASSETCATALOG_COMPILER_GLOBAL_ACCENT_COLOR_NAME = AccentColor;
				CODE_SIGN_STYLE = Automatic;
				CURRENT_PROJECT_VERSION = 1;
				DEVELOPMENT_TEAM = Q8S5FZ6655;
				ENABLE_PREVIEWS = YES;
				GENERATE_INFOPLIST_FILE = YES;
				INFOPLIST_KEY_CFBundleDisplayName = Assignments;
				INFOPLIST_KEY_NSCameraUsageDescription = "Scan a paper syllabus to find its assignments.";
				INFOPLIST_KEY_UIApplicationSceneManifest_Generation = YES;
				INFOPLIST_KEY_UIApplicationSupportsIndirectInputEvents = YES;
				INFOPLIST_KEY_UILaunchScreen_Generation = YES;
				INFOPLIST_KEY_UISupportedInterfaceOrientations_iPhone = UIInterfaceOrientationPortrait;
				LD_RUNPATH_SEARCH_PATHS = (
					"$(inherited)",
					"@executable_path/Frameworks",
				);
				MARKETING_VERSION = 1.0;
				PRODUCT_BUNDLE_IDENTIFIER = com.nat.AssignmentTracker;
				PRODUCT_NAME = "$(TARGET_NAME)";
				SWIFT_APPROACHABLE_CONCURRENCY = YES;
				SWIFT_DEFAULT_ACTOR_ISOLATION = MainActor;
				SWIFT_EMIT_LOC_STRINGS = YES;
				SWIFT_VERSION = 6.0;
				TARGETED_DEVICE_FAMILY = 1;
			};
			name = Release;
		};
		A7C1000000000000000000B8 /* Debug */ = {
			isa = XCBuildConfiguration;
			buildSettings = {
				BUNDLE_LOADER = "$(TEST_HOST)";
				CODE_SIGN_STYLE = Automatic;
				CURRENT_PROJECT_VERSION = 1;
				GENERATE_INFOPLIST_FILE = YES;
				MARKETING_VERSION = 1.0;
				PRODUCT_BUNDLE_IDENTIFIER = com.example.AssignmentTrackerTests;
				PRODUCT_NAME = "$(TARGET_NAME)";
				SWIFT_APPROACHABLE_CONCURRENCY = YES;
				SWIFT_EMIT_LOC_STRINGS = NO;
				SWIFT_VERSION = 6.0;
				TARGETED_DEVICE_FAMILY = 1;
				TEST_HOST = "$(BUILT_PRODUCTS_DIR)/AssignmentTracker.app/$(BUNDLE_EXECUTABLE_FOLDER_PATH)/AssignmentTracker";
			};
			name = Debug;
		};
		A7C1000000000000000000B9 /* Release */ = {
			isa = XCBuildConfiguration;
			buildSettings = {
				BUNDLE_LOADER = "$(TEST_HOST)";
				CODE_SIGN_STYLE = Automatic;
				CURRENT_PROJECT_VERSION = 1;
				GENERATE_INFOPLIST_FILE = YES;
				MARKETING_VERSION = 1.0;
				PRODUCT_BUNDLE_IDENTIFIER = com.example.AssignmentTrackerTests;
				PRODUCT_NAME = "$(TARGET_NAME)";
				SWIFT_APPROACHABLE_CONCURRENCY = YES;
				SWIFT_EMIT_LOC_STRINGS = NO;
				SWIFT_VERSION = 6.0;
				TARGETED_DEVICE_FAMILY = 1;
				TEST_HOST = "$(BUILT_PRODUCTS_DIR)/AssignmentTracker.app/$(BUNDLE_EXECUTABLE_FOLDER_PATH)/AssignmentTracker";
			};
			name = Release;
		};
/* End XCBuildConfiguration section */

/* Begin XCConfigurationList section */
		A7C1000000000000000000A7 /* Build configuration list for PBXNativeTarget "AssignmentTracker" */ = {
			isa = XCConfigurationList;
			buildConfigurations = (
				A7C1000000000000000000AE /* Debug */,
				A7C1000000000000000000AF /* Release */,
			);
			defaultConfigurationIsVisible = 0;
			defaultConfigurationName = Release;
		};
		A7C1000000000000000000AB /* Build configuration list for PBXProject "AssignmentTracker" */ = {
			isa = XCConfigurationList;
			buildConfigurations = (
				A7C1000000000000000000AC /* Debug */,
				A7C1000000000000000000AD /* Release */,
			);
			defaultConfigurationIsVisible = 0;
			defaultConfigurationName = Release;
		};
		A7C1000000000000000000B7 /* Build configuration list for PBXNativeTarget "AssignmentTrackerTests" */ = {
			isa = XCConfigurationList;
			buildConfigurations = (
				A7C1000000000000000000B8 /* Debug */,
				A7C1000000000000000000B9 /* Release */,
			);
			defaultConfigurationIsVisible = 0;
			defaultConfigurationName = Release;
		};
/* End XCConfigurationList section */
	};
	rootObject = A7C1000000000000000000AA /* Project object */;
}
